// !$*UTF8*$!
{
	archiveVersion = 1;
	classes = {
	};
	objectVersion = 51;
	objects = {

/* Begin PBXBuildFile section */
		37C11EEFD296EBF66AA9C336 /* Pods_Chat.framework in Frameworks */ = {isa = PBXBuildFile; fileRef = 91CCC4F1A502234CC6944AF0 /* Pods_Chat.framework */; };
		E6B5761E260AA5C80001CD72 /* AppDelegate.swift in Sources */ = {isa = PBXBuildFile; fileRef = E6B5761D260AA5C80001CD72 /* AppDelegate.swift */; };
		E6B57620260AA5C80001CD72 /* SceneDelegate.swift in Sources */ = {isa = PBXBuildFile; fileRef = E6B5761F260AA5C80001CD72 /* SceneDelegate.swift */; };
		E6B57622260AA5C80001CD72 /* ViewController.swift in Sources */ = {isa = PBXBuildFile; fileRef = E6B57621260AA5C80001CD72 /* ViewController.swift */; };
		E6B57625260AA5C80001CD72 /* Main.storyboard in Resources */ = {isa = PBXBuildFile; fileRef = E6B57623260AA5C80001CD72 /* Main.storyboard */; };
		E6B57627260AA5CA0001CD72 /* Assets.xcassets in Resources */ = {isa = PBXBuildFile; fileRef = E6B57626260AA5CA0001CD72 /* Assets.xcassets */; };
		E6B5762A260AA5CA0001CD72 /* LaunchScreen.storyboard in Resources */ = {isa = PBXBuildFile; fileRef = E6B57628260AA5CA0001CD72 /* LaunchScreen.storyboard */; };
		E6B5764F260AA7030001CD72 /* GoogleService-Info.plist in Resources */ = {isa = PBXBuildFile; fileRef = E6B5764E260AA7030001CD72 /* GoogleService-Info.plist */; };
		E6B57655260AA84D0001CD72 /* ChatViewController.swift in Sources */ = {isa = PBXBuildFile; fileRef = E6B57654260AA84D0001CD72 /* ChatViewController.swift */; };
		E6B5765B260AAA580001CD72 /* Chat.swift in Sources */ = {isa = PBXBuildFile; fileRef = E6B5765A260AAA580001CD72 /* Chat.swift */; };
		E6B5765F260AAAC70001CD72 /* Message.swift in Sources */ = {isa = PBXBuildFile; fileRef = E6B5765E260AAAC70001CD72 /* Message.swift */; };
/* End PBXBuildFile section */

/* Begin PBXFileReference section */
		1675B966BDDBB2303F4B6990 /* Pods-Chat.release.xcconfig */ = {isa = PBXFileReference; includeInIndex = 1; lastKnownFileType = text.xcconfig; name = "Pods-Chat.release.xcconfig"; path = "Target Support Files/Pods-Chat/Pods-Chat.release.xcconfig"; sourceTree = "<group>"; };
		613CCD09C0DE2B199E984F7F /* Pods-Chat.debug.xcconfig */ = {isa = PBXFileReference; includeInIndex = 1; lastKnownFileType = text.xcconfig; name = "Pods-Chat.debug.xcconfig"; path = "Target Support Files/Pods-Chat/Pods-Chat.debug.xcconfig"; sourceTree = "<group>"; };
		91CCC4F1A502234CC6944AF0 /* Pods_Chat.framework */ = {isa = PBXFileReference; explicitFileType = wrapper.framework; includeInIndex = 0; path = Pods_Chat.framework; sourceTree = BUILT_PRODUCTS_DIR; };
		E6B5761A260AA5C80001CD72 /* Chat.app */ = {isa = PBXFileReference; explicitFileType = wrapper.application; includeInIndex = 0; path = Chat.app; sourceTree = BUILT_PRODUCTS_DIR; };
		E6B5761D260AA5C80001CD72 /* AppDelegate.swift */ = {isa = PBXFileReference; lastKnownFileType = sourcecode.swift; path = AppDelegate.swift; sourceTree = "<group>"; };
		E6B5761F260AA5C80001CD72 /* SceneDelegate.swift */ = {isa = PBXFileReference; lastKnownFileType = sourcecode.swift; path = SceneDelegate.swift; sourceTree = "<group>"; };
		E6B57621260AA5C80001CD72 /* ViewController.swift */ = {isa = PBXFileReference; lastKnownFileType = sourcecode.swift; path = ViewController.swift; sourceTree = "<group>"; };
		E6B57624260AA5C80001CD72 /* Base */ = {isa = PBXFileReference; lastKnownFileType = file.storyboard; name = Base; path = Base.lproj/Main.storyboard; sourceTree = "<group>"; };
		E6B57626260AA5CA0001CD72 /* Assets.xcassets */ = {isa = PBXFileReference; lastKnownFileType = folder.assetcatalog; path = Assets.xcassets; sourceTree = "<group>"; };
		E6B57629260AA5CA0001CD72 /* Base */ = {isa = PBXFileReference; lastKnownFileType = file.storyboard; name = Base; path = Base.lproj/LaunchScreen.storyboard; sourceTree = "<group>"; };
		E6B5762B260AA5CA0001CD72 /* Info.plist */ = {isa = PBXFileReference; lastKnownFileType = text.plist.xml; path = Info.plist; sourceTree = "<group>"; };
		E6B5764E260AA7030001CD72 /* GoogleService-Info.plist */ = {isa = PBXFileReference; fileEncoding = 4; lastKnownFileType = text.plist.xml; path = "GoogleService-Info.plist"; sourceTree = "<group>"; };
		E6B57654260AA84D0001CD72 /* ChatViewController.swift */ = {isa = PBXFileReference; lastKnownFileType = sourcecode.swift; path = ChatViewController.swift; sourceTree = "<group>"; };
		E6B5765A260AAA580001CD72 /* Chat.swift */ = {isa = PBXFileReference; lastKnownFileType = sourcecode.swift; path = Chat.swift; sourceTree = "<group>"; };
		E6B5765E260AAAC70001CD72 /* Message.swift */ = {isa = PBXFileReference; lastKnownFileType = sourcecode.swift; path = Message.swift; sourceTree = "<group>"; };
/* End PBXFileReference section */

/* Begin PBXFrameworksBuildPhase section */
		E6B57617260AA5C80001CD72 /* Frameworks */ = {
			isa = PBXFrameworksBuildPhase;
			buildActionMask = 2147483647;
			files = (
				37C11EEFD296EBF66AA9C336 /* Pods_Chat.framework in Frameworks */,
			);
			runOnlyForDeploymentPostprocessing = 0;
		};
/* End PBXFrameworksBuildPhase section */

/* Begin PBXGroup section */
		4BFAC979D060EDB607FF258D /* Pods */ = {
			isa = PBXGroup;
			children = (
				613CCD09C0DE2B199E984F7F /* Pods-Chat.debug.xcconfig */,
				1675B966BDDBB2303F4B6990 /* Pods-Chat.release.xcconfig */,
			);
			path = Pods;
			sourceTree = "<group>";
		};
		E6B57611260AA5C80001CD72 = {
			isa = PBXGroup;
			children = (
				E6B5761C260AA5C80001CD72 /* Chat */,
				E6B5761B260AA5C80001CD72 /* Products */,
				4BFAC979D060EDB607FF258D /* Pods */,
				EB2DFF20CA9AF19B7E5C2113 /* Frameworks */,
			);
			sourceTree = "<group>";
		};
		E6B5761B260AA5C80001CD72 /* Products */ = {
			isa = PBXGroup;
			children = (
				E6B5761A260AA5C80001CD72 /* Chat.app */,
			);
			name = Products;
			sourceTree = "<group>";
		};
		E6B5761C260AA5C80001CD72 /* Chat */ = {
			isa = PBXGroup;
			children = (
				E6B5761D260AA5C80001CD72 /* AppDelegate.swift */,
				E6B5761F260AA5C80001CD72 /* SceneDelegate.swift */,
				E6B57621260AA5C80001CD72 /* ViewController.swift */,
				E6B57654260AA84D0001CD72 /* ChatViewController.swift */,
				E6B5765A260AAA580001CD72 /* Chat.swift */,
				E6B5765E260AAAC70001CD72 /* Message.swift */,
				E6B57623260AA5C80001CD72 /* Main.storyboard */,
				E6B57626260AA5CA0001CD72 /* Assets.xcassets */,
				E6B57628260AA5CA0001CD72 /* LaunchScreen.storyboard */,
				E6B5764E260AA7030001CD72 /* GoogleService-Info.plist */,
				E6B5762B260AA5CA0001CD72 /* Info.plist */,
			);
			path = Chat;
			sourceTree = "<group>";
		};
		EB2DFF20CA9AF19B7E5C2113 /* Frameworks */ = {
			isa = PBXGroup;
			children = (
				91CCC4F1A502234CC6944AF0 /* Pods_Chat.framework */,
			);
			name = Frameworks;
			sourceTree = "<group>";
		};
/* End PBXGroup section */

/* Begin PBXNativeTarget section */
		E6B57619260AA5C80001CD72 /* Chat */ = {
			isa = PBXNativeTarget;
			buildConfigurationList = E6B5762E260AA5CA0001CD72 /* Build configuration list for PBXNativeTarget "Chat" */;
			buildPhases = (
				C211DEFDBF7426BD0D93E966 /* [CP] Check Pods Manifest.lock */,
				E6B57616260AA5C80001CD72 /* Sources */,
				E6B57617260AA5C80001CD72 /* Frameworks */,
				E6B57618260AA5C80001CD72 /* Resources */,
				AFE988BDFF5BD6910AC945D7 /* [CP] Embed Pods Frameworks */,
				CDAAC34D68014A3391836A26 /* [CP] Copy Pods Resources */,
			);
			buildRules = (
			);
			dependencies = (
			);
			name = Chat;
			productName = Chat;
			productReference = E6B5761A260AA5C80001CD72 /* Chat.app */;
			productType = "com.apple.product-type.application";
		};
/* End PBXNativeTarget section */

/* Begin PBXProject section */
		E6B57612260AA5C80001CD72 /* Project object */ = {
			isa = PBXProject;
			attributes = {
				LastSwiftUpdateCheck = 1240;
				LastUpgradeCheck = 1240;
				TargetAttributes = {
					E6B57619260AA5C80001CD72 = {
						CreatedOnToolsVersion = 12.4;
					};
				};
			};
			buildConfigurationList = E6B57615260AA5C80001CD72 /* Build configuration list for PBXProject "Chat" */;
			compatibilityVersion = "Xcode 9.3";
			developmentRegion = en;
			hasScannedForEncodings = 0;
			knownRegions = (
				en,
				Base,
			);
			mainGroup = E6B57611260AA5C80001CD72;
			productRefGroup = E6B5761B260AA5C80001CD72 /* Products */;
			projectDirPath = "";
			projectRoot = "";
			targets = (
				E6B57619260AA5C80001CD72 /* Chat */,
			);
		};
/* End PBXProject section */

/* Begin PBXResourcesBuildPhase section */
		E6B57618260AA5C80001CD72 /* Resources */ = {
			isa = PBXResourcesBuildPhase;
			buildActionMask = 2147483647;
			files = (
				E6B5762A260AA5CA0001CD72 /* LaunchScreen.storyboard in Resources */,
				E6B5764F260AA7030001CD72 /* GoogleService-Info.plist in Resources */,
				E6B57627260AA5CA0001CD72 /* Assets.xcassets in Resources */,
				E6B57625260AA5C80001CD72 /* Main.storyboard in Resources */,
			);
			runOnlyForDeploymentPostprocessing = 0;
		};
/* End PBXResourcesBuildPhase section */

/* Begin PBXShellScriptBuildPhase section */
		AFE988BDFF5BD6910AC945D7 /* [CP] Embed Pods Frameworks */ = {
			isa = PBXShellScriptBuildPhase;
			buildActionMask = 2147483647;
			files = (
			);
			inputFileListPaths = (
				"${PODS_ROOT}/Target Support Files/Pods-Chat/Pods-Chat-frameworks-${CONFIGURATION}-input-files.xcfilelist",
			);
			name = "[CP] Embed Pods Frameworks";
			outputFileListPaths = (
				"${PODS_ROOT}/Target Support Files/Pods-Chat/Pods-Chat-frameworks-${CONFIGURATION}-output-files.xcfilelist",
			);
			runOnlyForDeploymentPostprocessing = 0;
			shellPath = /bin/sh;
			shellScript = "\"${PODS_ROOT}/Target Support Files/Pods-Chat/Pods-Chat-frameworks.sh\"\n";
			showEnvVarsInLog = 0;
		};
		C211DEFDBF7426BD0D93E966 /* [CP] Check Pods Manifest.lock */ = {
			isa = PBXShellScriptBuildPhase;
			buildActionMask = 2147483647;
			files = (
			);
			inputFileListPaths = (
			);
			inputPaths = (
				"${PODS_PODFILE_DIR_PATH}/Podfile.lock",
				"${PODS_ROOT}/Manifest.lock",
			);
			name = "[CP] Check Pods Manifest.lock";
			outputFileListPaths = (
			);
			outputPaths = (
				"$(DERIVED_FILE_DIR)/Pods-Chat-checkManifestLockResult.txt",
			);
			runOnlyForDeploymentPostprocessing = 0;
			shellPath = /bin/sh;
			shellScript = "diff \"${PODS_PODFILE_DIR_PATH}/Podfile.lock\" \"${PODS_ROOT}/Manifest.lock\" > /dev/null\nif [ $? != 0 ] ; then\n    # print error to STDERR\n    echo \"error: The sandbox is not in sync with the Podfile.lock. Run 'pod install' or update your CocoaPods installation.\" >&2\n    exit 1\nfi\n# This output is used by Xcode 'outputs' to avoid re-running this script phase.\necho \"SUCCESS\" > \"${SCRIPT_OUTPUT_FILE_0}\"\n";
			showEnvVarsInLog = 0;
		};
		CDAAC34D68014A3391836A26 /* [CP] Copy Pods Resources */ = {
			isa = PBXShellScriptBuildPhase;
			buildActionMask = 2147483647;
			files = (
			);
			inputFileListPaths = (
				"${PODS_ROOT}/Target Support Files/Pods-Chat/Pods-Chat-resources-${CONFIGURATION}-input-files.xcfilelist",
			);
			name = "[CP] Copy Pods Resources";
			outputFileListPaths = (
				"${PODS_ROOT}/Target Support Files/Pods-Chat/Pods-Chat-resources-${CONFIGURATION}-output-files.xcfilelist",
			);
			runOnlyForDeploymentPostprocessing = 0;
			shellPath = /bin/sh;
			shellScript = "\"${PODS_ROOT}/Target Support Files/Pods-Chat/Pods-Chat-resources.sh\"\n";
			showEnvVarsInLog = 0;
		};
/* End PBXShellScriptBuildPhase section */

/* Begin PBXSourcesBuildPhase section */
		E6B57616260AA5C80001CD72 /* Sources */ = {
			isa = PBXSourcesBuildPhase;
			buildActionMask = 2147483647;
			files = (
				E6B5765B260AAA580001CD72 /* Chat.swift in Sources */,
				E6B57622260AA5C80001CD72 /* ViewController.swift in Sources */,
				E6B5761E260AA5C80001CD72 /* AppDelegate.swift in Sources */,
				E6B5765F260AAAC70001CD72 /* Message.swift in Sources */,
				E6B57655260AA84D0001CD72 /* ChatViewController.swift in Sources */,
				E6B57620260AA5C80001CD72 /* SceneDelegate.swift in Sources */,
			);
			runOnlyForDeploymentPostprocessing = 0;
		};
/* End PBXSourcesBuildPhase section */

/* Begin PBXVariantGroup section */
		E6B57623260AA5C80001CD72 /* Main.storyboard */ = {
			isa = PBXVariantGroup;
			children = (
				E6B57624260AA5C80001CD72 /* Base */,
			);
			name = Main.storyboard;
			sourceTree = "<group>";
		};
		E6B57628260AA5CA0001CD72 /* LaunchScreen.storyboard */ = {
			isa = PBXVariantGroup;
			children = (
				E6B57629260AA5CA0001CD72 /* Base */,
			);
			name = LaunchScreen.storyboard;
			sourceTree = "<group>";
		};
/* End PBXVariantGroup section */

/* Begin XCBuildConfiguration section */
		E6B5762C260AA5CA0001CD72 /* Debug */ = {
			isa = XCBuildConfiguration;
			buildSettings = {
				ALWAYS_SEARCH_USER_PATHS = NO;
				CLANG_ANALYZER_NONNULL = YES;
				CLANG_ANALYZER_NUMBER_OBJECT_CONVERSION = YES_AGGRESSIVE;
				CLANG_CXX_LANGUAGE_STANDARD = "gnu++14";
				CLANG_CXX_LIBRARY = "libc++";
				CLANG_ENABLE_MODULES = YES;
				CLANG_ENABLE_OBJC_ARC = YES;
				CLANG_ENABLE_OBJC_WEAK = YES;
				CLANG_WARN_BLOCK_CAPTURE_AUTORELEASING = YES;
				CLANG_WARN_BOOL_CONVERSION = YES;
				CLANG_WARN_COMMA = YES;
				CLANG_WARN_CONSTANT_CONVERSION = YES;
				CLANG_WARN_DEPRECATED_OBJC_IMPLEMENTATIONS = YES;
				CLANG_WARN_DIRECT_OBJC_ISA_USAGE = YES_ERROR;
				CLANG_WARN_DOCUMENTATION_COMMENTS = YES;
				CLANG_WARN_EMPTY_BODY = YES;
				CLANG_WARN_ENUM_CONVERSION = YES;
				CLANG_WARN_INFINITE_RECURSION = YES;
				CLANG_WARN_INT_CONVERSION = YES;
				CLANG_WARN_NON_LITERAL_NULL_CONVERSION = YES;
				CLANG_WARN_OBJC_IMPLICIT_RETAIN_SELF = YES;
				CLANG_WARN_OBJC_LITERAL_CONVERSION = YES;
				CLANG_WARN_OBJC_ROOT_CLASS = YES_ERROR;
				CLANG_WARN_QUOTED_INCLUDE_IN_FRAMEWORK_HEADER = YES;
				CLANG_WARN_RANGE_LOOP_ANALYSIS = YES;
				CLANG_WARN_STRICT_PROTOTYPES = YES;
				CLANG_WARN_SUSPICIOUS_MOVE = YES;
				CLANG_WARN_UNGUARDED_AVAILABILITY = YES_AGGRESSIVE;
				CLANG_WARN_UNREACHABLE_CODE = YES;
				CLANG_WARN__DUPLICATE_METHOD_MATCH = YES;
				COPY_PHASE_STRIP = NO;
				DEBUG_INFORMATION_FORMAT = dwarf;
				ENABLE_STRICT_OBJC_MSGSEND = YES;
				ENABLE_TESTABILITY = YES;
				GCC_C_LANGUAGE_STANDARD = gnu11;
				GCC_DYNAMIC_NO_PIC = NO;
				GCC_NO_COMMON_BLOCKS = YES;
				GCC_OPTIMIZATION_LEVEL = 0;
				GCC_PREPROCESSOR_DEFINITIONS = (
					"DEBUG=1",
					"$(inherited)",
				);
				GCC_WARN_64_TO_32_BIT_CONVERSION = YES;
				GCC_WARN_ABOUT_RETURN_TYPE = YES_ERROR;
				GCC_WARN_UNDECLARED_SELECTOR = YES;
				GCC_WARN_UNINITIALIZED_AUTOS = YES_AGGRESSIVE;
				GCC_WARN_UNUSED_FUNCTION = YES;
				GCC_WARN_UNUSED_VARIABLE = YES;
				IPHONEOS_DEPLOYMENT_TARGET = 14.4;
				MTL_ENABLE_DEBUG_INFO = INCLUDE_SOURCE;
				MTL_FAST_MATH = YES;
				ONLY_ACTIVE_ARCH = YES;
				SDKROOT = iphoneos;
				SWIFT_ACTIVE_COMPILATION_CONDITIONS = DEBUG;
				SWIFT_OPTIMIZATION_LEVEL = "-Onone";
			};
			name = Debug;
		};
		E6B5762D260AA5CA0001CD72 /* Release */ = {
			isa = XCBuildConfiguration;
			buildSettings = {
				ALWAYS_SEARCH_USER_PATHS = NO;
				CLANG_ANALYZER_NONNULL = YES;
				CLANG_ANALYZER_NUMBER_OBJECT_CONVERSION = YES_AGGRESSIVE;
				CLANG_CXX_LANGUAGE_STANDARD = "gnu++14";
				CLANG_CXX_LIBRARY = "libc++";
				CLANG_ENABLE_MODULES = YES;
				CLANG_ENABLE_OBJC_ARC = YES;
				CLANG_ENABLE_OBJC_WEAK = YES;
				CLANG_WARN_BLOCK_CAPTURE_AUTORELEASING = YES;
				CLANG_WARN_BOOL_CONVERSION = YES;
				CLANG_WARN_COMMA = YES;
				CLANG_WARN_CONSTANT_CONVERSION = YES;
				CLANG_WARN_DEPRECATED_OBJC_IMPLEMENTATIONS = YES;
				CLANG_WARN_DIRECT_OBJC_ISA_USAGE = YES_ERROR;
				CLANG_WARN_DOCUMENTATION_COMMENTS = YES;
				CLANG_WARN_EMPTY_BODY = YES;
				CLANG_WARN_ENUM_CONVERSION = YES;
				CLANG_WARN_INFINITE_RECURSION = YES;
				CLANG_WARN_INT_CONVERSION = YES;
				CLANG_WARN_NON_LITERAL_NULL_CONVERSION = YES;
				CLANG_WARN_OBJC_IMPLICIT_RETAIN_SELF = YES;
				CLANG_WARN_OBJC_LITERAL_CONVERSION = YES;
				CLANG_WARN_OBJC_ROOT_CLASS = YES_ERROR;
				CLANG_WARN_QUOTED_INCLUDE_IN_FRAMEWORK_HEADER = YES;
				CLANG_WARN_RANGE_LOOP_ANALYSIS = YES;
				CLANG_WARN_STRICT_PROTOTYPES = YES;
				CLANG_WARN_SUSPICIOUS_MOVE = YES;
				CLANG_WARN_UNGUARDED_AVAILABILITY = YES_AGGRESSIVE;
				CLANG_WARN_UNREACHABLE_CODE = YES;
				CLANG_WARN__DUPLICATE_METHOD_MATCH = YES;
				COPY_PHASE_STRIP = NO;
				DEBUG_INFORMATION_FORMAT = "dwarf-with-dsym";
				ENABLE_NS_ASSERTIONS = NO;
				ENABLE_STRICT_OBJC_MSGSEND = YES;
				GCC_C_LANGUAGE_STANDARD = gnu11;
				GCC_NO_COMMON_BLOCKS = YES;
				GCC_WARN_64_TO_32_BIT_CONVERSION = YES;
				GCC_WARN_ABOUT_RETURN_TYPE = YES_ERROR;
				GCC_WARN_UNDECLARED_SELECTOR = YES;
				GCC_WARN_UNINITIALIZED_AUTOS = YES_AGGRESSIVE;
				GCC_WARN_UNUSED_FUNCTION = YES;
				GCC_WARN_UNUSED_VARIABLE = YES;
				IPHONEOS_DEPLOYMENT_TARGET = 14.4;
				MTL_ENABLE_DEBUG_INFO = NO;
				MTL_FAST_MATH = YES;
				SDKROOT = iphoneos;
				SWIFT_COMPILATION_MODE = wholemodule;
				SWIFT_OPTIMIZATION_LEVEL = "-O";
				VALIDATE_PRODUCT = YES;
			};
			name = Release;
		};
		E6B5762F260AA5CA0001CD72 /* Debug */ = {
			isa = XCBuildConfiguration;
			baseConfigurationReference = 613CCD09C0DE2B199E984F7F /* Pods-Chat.debug.xcconfig */;
			buildSettings = {
				ASSETCATALOG_COMPILER_APPICON_NAME = AppIcon;
				ASSETCATALOG_COMPILER_GLOBAL_ACCENT_COLOR_NAME = AccentColor;
				CODE_SIGN_STYLE = Automatic;
				DEVELOPMENT_TEAM = F3R2G55BH4;
				INFOPLIST_FILE = Chat/Info.plist;
				LD_RUNPATH_SEARCH_PATHS = (
					"$(inherited)",
					"@executable_path/Frameworks",
				);
				PRODUCT_BUNDLE_IDENTIFIER = Translation.Chat;
				PRODUCT_NAME = "$(TARGET_NAME)";
				SWIFT_VERSION = 5.0;
				TARGETED_DEVICE_FAMILY = "1,2";
			};
			name = Debug;
		};
		E6B57630260AA5CA0001CD72 /* Release */ = {
			isa = XCBuildConfiguration;
			baseConfigurationReference = 1675B966BDDBB2303F4B6990 /* Pods-Chat.release.xcconfig */;
			buildSettings = {
				ASSETCATALOG_COMPILER_APPICON_NAME = AppIcon;
				ASSETCATALOG_COMPILER_GLOBAL_ACCENT_COLOR_NAME = AccentColor;
				CODE_SIGN_STYLE = Automatic;
				DEVELOPMENT_TEAM = F3R2G55BH4;
				INFOPLIST_FILE = Chat/Info.plist;
				LD_RUNPATH_SEARCH_PATHS = (
					"$(inherited)",
					"@executable_path/Frameworks",
				);
				PRODUCT_BUNDLE_IDENTIFIER = Translation.Chat;
				PRODUCT_NAME = "$(TARGET_NAME)";
				SWIFT_VERSION = 5.0;
				TARGETED_DEVICE_FAMILY = "1,2";
			};
			name = Release;
		};
/* End XCBuildConfiguration section */

/* Begin XCConfigurationList section */
		E6B57615260AA5C80001CD72 /* Build configuration list for PBXProject "Chat" */ = {
			isa = XCConfigurationList;
			buildConfigurations = (
				E6B5762C260AA5CA0001CD72 /* Debug */,
				E6B5762D260AA5CA0001CD72 /* Release */,
			);
			defaultConfigurationIsVisible = 0;
			defaultConfigurationName = Release;
		};
		E6B5762E260AA5CA0001CD72 /* Build configuration list for PBXNativeTarget "Chat" */ = {
			isa = XCConfigurationList;
			buildConfigurations = (
				E6B5762F260AA5CA0001CD72 /* Debug */,
				E6B57630260AA5CA0001CD72 /* Release */,
			);
			defaultConfigurationIsVisible = 0;
			defaultConfigurationName = Release;
		};
/* End XCConfigurationList section */
	};
	rootObject = E6B57612260AA5C80001CD72 /* Project object */;
}
